
Microsoft Visual Studio Solution File, Format Version 12.00
# Visual Studio Version 16
VisualStudioVersion = 16.0.29709.97
MinimumVisualStudioVersion = 10.0.40219.1
Project("{9A19103F-16F7-4668-BE54-9A1E7A4F7556}") = "AccCheckTests", "AccCheckTests\AccCheckTests.csproj", "{3A94476B-6D04-4AC6-A07E-02453F28BB9C}"
EndProject
Global
	GlobalSection(SolutionConfigurationPlatforms) = preSolution
		Debug|Any CPU = Debug|Any CPU
		Release|Any CPU = Release|Any CPU
	EndGlobalSection
	GlobalSection(ProjectConfigurationPlatforms) = postSolution
		{3A94476B-6D04-4AC6-A07E-02453F28BB9C}.Debug|Any CPU.ActiveCfg = Debug|Any CPU
		{3A94476B-6D04-4AC6-A07E-02453F28BB9C}.Debug|Any CPU.Build.0 = Debug|Any CPU
		{3A94476B-6D04-4AC6-A07E-02453F28BB9C}.Release|Any CPU.ActiveCfg = Release|Any CPU
		{3A94476B-6D04-4AC6-A07E-02453F28BB9C}.Release|Any CPU.Build.0 = Release|Any CPU
	EndGlobalSection
	GlobalSection(SolutionProperties) = preSolution
		HideSolutionNode = FALSE
	EndGlobalSection
	GlobalSection(ExtensibilityGlobals) = postSolution
		SolutionGuid = {02C2AC7A-6260-4123-AA62-8F4DECF4B253}
	EndGlobalSection
EndGlobal
